
Microsoft Visual Studio Solution File, Format Version 12.00
# Visual Studio 15
VisualStudioVersion = 15.0.28307.1169
MinimumVisualStudioVersion = 10.0.40219.1
Project("{8BC9CEB8-8B4A-11D0-8D11-00A0C91BC942}") = "CircleTracker", "CircleTracker\CircleTracker.vcxproj", "{406252C4-7E4A-4298-851C-F4BBEDA3542B}"
EndProject
Global
	GlobalSection(SolutionConfigurationPlatforms) = preSolution
		Debug|x64 = Debug|x64
		Debug|x86 = Debug|x86
		Release|x64 = Release|x64
		Release|x86 = Release|x86
	EndGlobalSection
	GlobalSection(ProjectConfigurationPlatforms) = postSolution
		{406252C4-7E4A-4298-851C-F4BBEDA3542B}.Debug|x64.ActiveCfg = Debug|x64
		{406252C4-7E4A-4298-851C-F4BBEDA3542B}.Debug|x64.Build.0 = Debug|x64
		{406252C4-7E4A-4298-851C-F4BBEDA3542B}.Debug|x86.ActiveCfg = Debug|Win32
		{406252C4-7E4A-4298-851C-F4BBEDA3542B}.Debug|x86.Build.0 = Debug|Win32
		{406252C4-7E4A-4298-851C-F4BBEDA3542B}.Release|x64.ActiveCfg = Release|x64
		{406252C4-7E4A-4298-851C-F4BBEDA3542B}.Release|x64.Build.0 = Release|x64
		{406252C4-7E4A-4298-851C-F4BBEDA3542B}.Release|x86.ActiveCfg = Release|Win32
		{406252C4-7E4A-4298-851C-F4BBEDA3542B}.Release|x86.Build.0 = Release|Win32
	EndGlobalSection
	GlobalSection(SolutionProperties) = preSolution
		HideSolutionNode = FALSE
	EndGlobalSection
	GlobalSection(ExtensibilityGlobals) = postSolution
		SolutionGuid = {2FD7CDDF-F8AE-4F14-BDC4-BFFD4EDEAA3E}
	EndGlobalSection
EndGlobal
